
Microsoft Visual Studio Solution File, Format Version 12.00
# Visual Studio Version 17
VisualStudioVersion = 17.0.31903.59
MinimumVisualStudioVersion = 10.0.40219.1
Project("{FAE04EC0-301F-11D3-BF4B-00C04F79EFBC}") = "ExportGooglePhraseBookFromSpreadSheet", "src\ExportGooglePhraseBookFromSpreadSheet\ExportGooglePhraseBookFromSpreadSheet.csproj", "{23F60082-3E43-45D6-8F7D-CD4E97CB9B69}"
EndProject
Project("{FAE04EC0-301F-11D3-BF4B-00C04F79EFBC}") = "SyncAnkiWithGooglePhraseBookExtension", "src\SyncAnkiWithGooglePhraseBookExtension\SyncAnkiWithGooglePhraseBookExtension.csproj", "{91382296-E688-436E-89AB-FF8E39C2B213}"
EndProject
Project("{FAE04EC0-301F-11D3-BF4B-00C04F79EFBC}") = "ShareGoogleDriveFile", "src\ShareGoogleDriveFile\ShareGoogleDriveFile.csproj", "{8BD87E83-DFA8-4FA3-B4FA-8300A0C2B3DB}"
EndProject
Project("{FAE04EC0-301F-11D3-BF4B-00C04F79EFBC}") = "UpdateAnki", "src\UpdateAnki\UpdateAnki.csproj", "{F85D7E36-64C1-4A07-9C63-54B58E2A0D7F}"
EndProject
Project("{FAE04EC0-301F-11D3-BF4B-00C04F79EFBC}") = "Translation.Models", "src\Translation.Models\Translation.Models.csproj", "{7E3C6F43-27E7-4F87-8177-5331F63AAECE}"
EndProject
Project("{2150E333-8FDC-42A3-9474-1A3956D46DE8}") = "src", "src", "{02EA681E-C7D8-13C7-8484-4AC65E1B71E8}"
EndProject
Project("{2150E333-8FDC-42A3-9474-1A3956D46DE8}") = "tests", "tests", "{0AB3BF05-4346-4AA6-1389-037BE0695223}"
EndProject
Project("{FAE04EC0-301F-11D3-BF4B-00C04F79EFBC}") = "DistanceProviders", "src\DistanceProviders\DistanceProviders.csproj", "{698D4539-4EEF-499B-8F07-66B7D69E3FF4}"
EndProject
Project("{FAE04EC0-301F-11D3-BF4B-00C04F79EFBC}") = "DistanceProviders.UnitTests", "tests\DistanceProviders.UnitTests\DistanceProviders.UnitTests.csproj", "{C6C24343-55CF-4C74-B32E-2B16FEDB8FD8}"
EndProject
Project("{FAE04EC0-301F-11D3-BF4B-00C04F79EFBC}") = "TestUtils", "tests\TestUtils\TestUtils.csproj", "{A825A3EE-42CB-4CD8-8809-37B92421CACA}"
EndProject
Project("{FAE04EC0-301F-11D3-BF4B-00C04F79EFBC}") = "ChangeSetCalculation", "src\ChangeSetCalculation\ChangeSetCalculation.csproj", "{FFE91DF9-D5F9-46DE-891D-E7C3618D2810}"
EndProject
Project("{FAE04EC0-301F-11D3-BF4B-00C04F79EFBC}") = "ChangeSetCalculation.UnitTests", "tests\ChangeSetCalculation.UnitTests\ChangeSetCalculation.UnitTests.csproj", "{12908CF2-E9D2-40D3-BBF7-07E2B96E7FE7}"
EndProject
Project("{FAE04EC0-301F-11D3-BF4B-00C04F79EFBC}") = "AssignmentOptimization", "src\AssignmentOptimization\AssignmentOptimization.csproj", "{B81C8007-05E6-44AD-BF8C-7A6269666629}"
EndProject
Project("{FAE04EC0-301F-11D3-BF4B-00C04F79EFBC}") = "AssignmentOptimization.UnitTests", "tests\AssignmentOptimization.UnitTests\AssignmentOptimization.UnitTests.csproj", "{1A32D5A8-60B1-4A08-9117-A75AC51156DF}"
EndProject
Global
	GlobalSection(SolutionConfigurationPlatforms) = preSolution
		Debug|Any CPU = Debug|Any CPU
		Debug|x64 = Debug|x64
		Debug|x86 = Debug|x86
		Release|Any CPU = Release|Any CPU
		Release|x64 = Release|x64
		Release|x86 = Release|x86
	EndGlobalSection
	GlobalSection(ProjectConfigurationPlatforms) = postSolution
		{23F60082-3E43-45D6-8F7D-CD4E97CB9B69}.Debug|Any CPU.ActiveCfg = Debug|Any CPU
		{23F60082-3E43-45D6-8F7D-CD4E97CB9B69}.Debug|Any CPU.Build.0 = Debug|Any CPU
		{23F60082-3E43-45D6-8F7D-CD4E97CB9B69}.Debug|x64.ActiveCfg = Debug|Any CPU
		{23F60082-3E43-45D6-8F7D-CD4E97CB9B69}.Debug|x64.Build.0 = Debug|Any CPU
		{23F60082-3E43-45D6-8F7D-CD4E97CB9B69}.Debug|x86.ActiveCfg = Debug|Any CPU
		{23F60082-3E43-45D6-8F7D-CD4E97CB9B69}.Debug|x86.Build.0 = Debug|Any CPU
		{23F60082-3E43-45D6-8F7D-CD4E97CB9B69}.Release|Any CPU.ActiveCfg = Release|Any CPU
		{23F60082-3E43-45D6-8F7D-CD4E97CB9B69}.Release|Any CPU.Build.0 = Release|Any CPU
		{23F60082-3E43-45D6-8F7D-CD4E97CB9B69}.Release|x64.ActiveCfg = Release|Any CPU
		{23F60082-3E43-45D6-8F7D-CD4E97CB9B69}.Release|x64.Build.0 = Release|Any CPU
		{23F60082-3E43-45D6-8F7D-CD4E97CB9B69}.Release|x86.ActiveCfg = Release|Any CPU
		{23F60082-3E43-45D6-8F7D-CD4E97CB9B69}.Release|x86.Build.0 = Release|Any CPU
		{91382296-E688-436E-89AB-FF8E39C2B213}.Debug|Any CPU.ActiveCfg = Debug|Any CPU
		{91382296-E688-436E-89AB-FF8E39C2B213}.Debug|Any CPU.Build.0 = Debug|Any CPU
		{91382296-E688-436E-89AB-FF8E39C2B213}.Debug|x64.ActiveCfg = Debug|Any CPU
		{91382296-E688-436E-89AB-FF8E39C2B213}.Debug|x64.Build.0 = Debug|Any CPU
		{91382296-E688-436E-89AB-FF8E39C2B213}.Debug|x86.ActiveCfg = Debug|Any CPU
		{91382296-E688-436E-89AB-FF8E39C2B213}.Debug|x86.Build.0 = Debug|Any CPU
		{91382296-E688-436E-89AB-FF8E39C2B213}.Release|Any CPU.ActiveCfg = Release|Any CPU
		{91382296-E688-436E-89AB-FF8E39C2B213}.Release|Any CPU.Build.0 = Release|Any CPU
		{91382296-E688-436E-89AB-FF8E39C2B213}.Release|x64.ActiveCfg = Release|Any CPU
		{91382296-E688-436E-89AB-FF8E39C2B213}.Release|x64.Build.0 = Release|Any CPU
		{91382296-E688-436E-89AB-FF8E39C2B213}.Release|x86.ActiveCfg = Release|Any CPU
		{91382296-E688-436E-89AB-FF8E39C2B213}.Release|x86.Build.0 = Release|Any CPU
		{8BD87E83-DFA8-4FA3-B4FA-8300A0C2B3DB}.Debug|Any CPU.ActiveCfg = Debug|Any CPU
		{8BD87E83-DFA8-4FA3-B4FA-8300A0C2B3DB}.Debug|Any CPU.Build.0 = Debug|Any CPU
		{8BD87E83-DFA8-4FA3-B4FA-8300A0C2B3DB}.Debug|x64.ActiveCfg = Debug|Any CPU
		{8BD87E83-DFA8-4FA3-B4FA-8300A0C2B3DB}.Debug|x64.Build.0 = Debug|Any CPU
		{8BD87E83-DFA8-4FA3-B4FA-8300A0C2B3DB}.Debug|x86.ActiveCfg = Debug|Any CPU
		{8BD87E83-DFA8-4FA3-B4FA-8300A0C2B3DB}.Debug|x86.Build.0 = Debug|Any CPU
		{8BD87E83-DFA8-4FA3-B4FA-8300A0C2B3DB}.Release|Any CPU.ActiveCfg = Release|Any CPU
		{8BD87E83-DFA8-4FA3-B4FA-8300A0C2B3DB}.Release|Any CPU.Build.0 = Release|Any CPU
		{8BD87E83-DFA8-4FA3-B4FA-8300A0C2B3DB}.Release|x64.ActiveCfg = Release|Any CPU
		{8BD87E83-DFA8-4FA3-B4FA-8300A0C2B3DB}.Release|x64.Build.0 = Release|Any CPU
		{8BD87E83-DFA8-4FA3-B4FA-8300A0C2B3DB}.Release|x86.ActiveCfg = Release|Any CPU
		{8BD87E83-DFA8-4FA3-B4FA-8300A0C2B3DB}.Release|x86.Build.0 = Release|Any CPU
		{F85D7E36-64C1-4A07-9C63-54B58E2A0D7F}.Debug|Any CPU.ActiveCfg = Debug|Any CPU
		{F85D7E36-64C1-4A07-9C63-54B58E2A0D7F}.Debug|Any CPU.Build.0 = Debug|Any CPU
		{F85D7E36-64C1-4A07-9C63-54B58E2A0D7F}.Debug|x64.ActiveCfg = Debug|Any CPU
		{F85D7E36-64C1-4A07-9C63-54B58E2A0D7F}.Debug|x64.Build.0 = Debug|Any CPU
		{F85D7E36-64C1-4A07-9C63-54B58E2A0D7F}.Debug|x86.ActiveCfg = Debug|Any CPU
		{F85D7E36-64C1-4A07-9C63-54B58E2A0D7F}.Debug|x86.Build.0 = Debug|Any CPU
		{F85D7E36-64C1-4A07-9C63-54B58E2A0D7F}.Release|Any CPU.ActiveCfg = Release|Any CPU
		{F85D7E36-64C1-4A07-9C63-54B58E2A0D7F}.Release|Any CPU.Build.0 = Release|Any CPU
		{F85D7E36-64C1-4A07-9C63-54B58E2A0D7F}.Release|x64.ActiveCfg = Release|Any CPU
		{F85D7E36-64C1-4A07-9C63-54B58E2A0D7F}.Release|x64.Build.0 = Release|Any CPU
		{F85D7E36-64C1-4A07-9C63-54B58E2A0D7F}.Release|x86.ActiveCfg = Release|Any CPU
		{F85D7E36-64C1-4A07-9C63-54B58E2A0D7F}.Release|x86.Build.0 = Release|Any CPU
		{7E3C6F43-27E7-4F87-8177-5331F63AAECE}.Debug|Any CPU.ActiveCfg = Debug|Any CPU
		{7E3C6F43-27E7-4F87-8177-5331F63AAECE}.Debug|Any CPU.Build.0 = Debug|Any CPU
		{7E3C6F43-27E7-4F87-8177-5331F63AAECE}.Debug|x64.ActiveCfg = Debug|Any CPU
		{7E3C6F43-27E7-4F87-8177-5331F63AAECE}.Debug|x64.Build.0 = Debug|Any CPU
		{7E3C6F43-27E7-4F87-8177-5331F63AAECE}.Debug|x86.ActiveCfg = Debug|Any CPU
		{7E3C6F43-27E7-4F87-8177-5331F63AAECE}.Debug|x86.Build.0 = Debug|Any CPU
		{7E3C6F43-27E7-4F87-8177-5331F63AAECE}.Release|Any CPU.ActiveCfg = Release|Any CPU
		{7E3C6F43-27E7-4F87-8177-5331F63AAECE}.Release|Any CPU.Build.0 = Release|Any CPU
		{7E3C6F43-27E7-4F87-8177-5331F63AAECE}.Release|x64.ActiveCfg = Release|Any CPU
		{7E3C6F43-27E7-4F87-8177-5331F63AAECE}.Release|x64.Build.0 = Release|Any CPU
		{7E3C6F43-27E7-4F87-8177-5331F63AAECE}.Release|x86.ActiveCfg = Release|Any CPU
		{7E3C6F43-27E7-4F87-8177-5331F63AAECE}.Release|x86.Build.0 = Release|Any CPU
		{698D4539-4EEF-499B-8F07-66B7D69E3FF4}.Debug|Any CPU.ActiveCfg = Debug|Any CPU
		{698D4539-4EEF-499B-8F07-66B7D69E3FF4}.Debug|Any CPU.Build.0 = Debug|Any CPU
		{698D4539-4EEF-499B-8F07-66B7D69E3FF4}.Debug|x64.ActiveCfg = Debug|Any CPU
		{698D4539-4EEF-499B-8F07-66B7D69E3FF4}.Debug|x64.Build.0 = Debug|Any CPU
		{698D4539-4EEF-499B-8F07-66B7D69E3FF4}.Debug|x86.ActiveCfg = Debug|Any CPU
		{698D4539-4EEF-499B-8F07-66B7D69E3FF4}.Debug|x86.Build.0 = Debug|Any CPU
		{698D4539-4EEF-499B-8F07-66B7D69E3FF4}.Release|Any CPU.ActiveCfg = Release|Any CPU
		{698D4539-4EEF-499B-8F07-66B7D69E3FF4}.Release|Any CPU.Build.0 = Release|Any CPU
		{698D4539-4EEF-499B-8F07-66B7D69E3FF4}.Release|x64.ActiveCfg = Release|Any CPU
		{698D4539-4EEF-499B-8F07-66B7D69E3FF4}.Release|x64.Build.0 = Release|Any CPU
		{698D4539-4EEF-499B-8F07-66B7D69E3FF4}.Release|x86.ActiveCfg = Release|Any CPU
		{698D4539-4EEF-499B-8F07-66B7D69E3FF4}.Release|x86.Build.0 = Release|Any CPU
		{C6C24343-55CF-4C74-B32E-2B16FEDB8FD8}.Debug|Any CPU.ActiveCfg = Debug|Any CPU
		{C6C24343-55CF-4C74-B32E-2B16FEDB8FD8}.Debug|Any CPU.Build.0 = Debug|Any CPU
		{C6C24343-55CF-4C74-B32E-2B16FEDB8FD8}.Debug|x64.ActiveCfg = Debug|Any CPU
		{C6C24343-55CF-4C74-B32E-2B16FEDB8FD8}.Debug|x64.Build.0 = Debug|Any CPU
		{C6C24343-55CF-4C74-B32E-2B16FEDB8FD8}.Debug|x86.ActiveCfg = Debug|Any CPU
		{C6C24343-55CF-4C74-B32E-2B16FEDB8FD8}.Debug|x86.Build.0 = Debug|Any CPU
		{C6C24343-55CF-4C74-B32E-2B16FEDB8FD8}.Release|Any CPU.ActiveCfg = Release|Any CPU
		{C6C24343-55CF-4C74-B32E-2B16FEDB8FD8}.Release|Any CPU.Build.0 = Release|Any CPU
		{C6C24343-55CF-4C74-B32E-2B16FEDB8FD8}.Release|x64.ActiveCfg = Release|Any CPU
		{C6C24343-55CF-4C74-B32E-2B16FEDB8FD8}.Release|x64.Build.0 = Release|Any CPU
		{C6C24343-55CF-4C74-B32E-2B16FEDB8FD8}.Release|x86.ActiveCfg = Release|Any CPU
		{C6C24343-55CF-4C74-B32E-2B16FEDB8FD8}.Release|x86.Build.0 = Release|Any CPU
		{A825A3EE-42CB-4CD8-8809-37B92421CACA}.Debug|Any CPU.ActiveCfg = Debug|Any CPU
		{A825A3EE-42CB-4CD8-8809-37B92421CACA}.Debug|Any CPU.Build.0 = Debug|Any CPU
		{A825A3EE-42CB-4CD8-8809-37B92421CACA}.Debug|x64.ActiveCfg = Debug|Any CPU
		{A825A3EE-42CB-4CD8-8809-37B92421CACA}.Debug|x64.Build.0 = Debug|Any CPU
		{A825A3EE-42CB-4CD8-8809-37B92421CACA}.Debug|x86.ActiveCfg = Debug|Any CPU
		{A825A3EE-42CB-4CD8-8809-37B92421CACA}.Debug|x86.Build.0 = Debug|Any CPU
		{A825A3EE-42CB-4CD8-8809-37B92421CACA}.Release|Any CPU.ActiveCfg = Release|Any CPU
		{A825A3EE-42CB-4CD8-8809-37B92421CACA}.Release|Any CPU.Build.0 = Release|Any CPU
		{A825A3EE-42CB-4CD8-8809-37B92421CACA}.Release|x64.ActiveCfg = Release|Any CPU
		{A825A3EE-42CB-4CD8-8809-37B92421CACA}.Release|x64.Build.0 = Release|Any CPU
		{A825A3EE-42CB-4CD8-8809-37B92421CACA}.Release|x86.ActiveCfg = Release|Any CPU
		{A825A3EE-42CB-4CD8-8809-37B92421CACA}.Release|x86.Build.0 = Release|Any CPU
		{FFE91DF9-D5F9-46DE-891D-E7C3618D2810}.Debug|Any CPU.ActiveCfg = Debug|Any CPU
		{FFE91DF9-D5F9-46DE-891D-E7C3618D2810}.Debug|Any CPU.Build.0 = Debug|Any CPU
		{FFE91DF9-D5F9-46DE-891D-E7C3618D2810}.Debug|x64.ActiveCfg = Debug|Any CPU
		{FFE91DF9-D5F9-46DE-891D-E7C3618D2810}.Debug|x64.Build.0 = Debug|Any CPU
		{FFE91DF9-D5F9-46DE-891D-E7C3618D2810}.Debug|x86.ActiveCfg = Debug|Any CPU
		{FFE91DF9-D5F9-46DE-891D-E7C3618D2810}.Debug|x86.Build.0 = Debug|Any CPU
		{FFE91DF9-D5F9-46DE-891D-E7C3618D2810}.Release|Any CPU.ActiveCfg = Release|Any CPU
		{FFE91DF9-D5F9-46DE-891D-E7C3618D2810}.Release|Any CPU.Build.0 = Release|Any CPU
		{FFE91DF9-D5F9-46DE-891D-E7C3618D2810}.Release|x64.ActiveCfg = Release|Any CPU
		{FFE91DF9-D5F9-46DE-891D-E7C3618D2810}.Release|x64.Build.0 = Release|Any CPU
		{FFE91DF9-D5F9-46DE-891D-E7C3618D2810}.Release|x86.ActiveCfg = Release|Any CPU
		{FFE91DF9-D5F9-46DE-891D-E7C3618D2810}.Release|x86.Build.0 = Release|Any CPU
		{12908CF2-E9D2-40D3-BBF7-07E2B96E7FE7}.Debug|Any CPU.ActiveCfg = Debug|Any CPU
		{12908CF2-E9D2-40D3-BBF7-07E2B96E7FE7}.Debug|Any CPU.Build.0 = Debug|Any CPU
		{12908CF2-E9D2-40D3-BBF7-07E2B96E7FE7}.Debug|x64.ActiveCfg = Debug|Any CPU
		{12908CF2-E9D2-40D3-BBF7-07E2B96E7FE7}.Debug|x64.Build.0 = Debug|Any CPU
		{12908CF2-E9D2-40D3-BBF7-07E2B96E7FE7}.Debug|x86.ActiveCfg = Debug|Any CPU
		{12908CF2-E9D2-40D3-BBF7-07E2B96E7FE7}.Debug|x86.Build.0 = Debug|Any CPU
		{12908CF2-E9D2-40D3-BBF7-07E2B96E7FE7}.Release|Any CPU.ActiveCfg = Release|Any CPU
		{12908CF2-E9D2-40D3-BBF7-07E2B96E7FE7}.Release|Any CPU.Build.0 = Release|Any CPU
		{12908CF2-E9D2-40D3-BBF7-07E2B96E7FE7}.Release|x64.ActiveCfg = Release|Any CPU
		{12908CF2-E9D2-40D3-BBF7-07E2B96E7FE7}.Release|x64.Build.0 = Release|Any CPU
		{12908CF2-E9D2-40D3-BBF7-07E2B96E7FE7}.Release|x86.ActiveCfg = Release|Any CPU
		{12908CF2-E9D2-40D3-BBF7-07E2B96E7FE7}.Release|x86.Build.0 = Release|Any CPU
		{B81C8007-05E6-44AD-BF8C-7A6269666629}.Debug|Any CPU.ActiveCfg = Debug|Any CPU
		{B81C8007-05E6-44AD-BF8C-7A6269666629}.Debug|Any CPU.Build.0 = Debug|Any CPU
		{B81C8007-05E6-44AD-BF8C-7A6269666629}.Debug|x64.ActiveCfg = Debug|Any CPU
		{B81C8007-05E6-44AD-BF8C-7A6269666629}.Debug|x64.Build.0 = Debug|Any CPU
		{B81C8007-05E6-44AD-BF8C-7A6269666629}.Debug|x86.ActiveCfg = Debug|Any CPU
		{B81C8007-05E6-44AD-BF8C-7A6269666629}.Debug|x86.Build.0 = Debug|Any CPU
		{B81C8007-05E6-44AD-BF8C-7A6269666629}.Release|Any CPU.ActiveCfg = Release|Any CPU
		{B81C8007-05E6-44AD-BF8C-7A6269666629}.Release|Any CPU.Build.0 = Release|Any CPU
		{B81C8007-05E6-44AD-BF8C-7A6269666629}.Release|x64.ActiveCfg = Release|Any CPU
		{B81C8007-05E6-44AD-BF8C-7A6269666629}.Release|x64.Build.0 = Release|Any CPU
		{B81C8007-05E6-44AD-BF8C-7A6269666629}.Release|x86.ActiveCfg = Release|Any CPU
		{B81C8007-05E6-44AD-BF8C-7A6269666629}.Release|x86.Build.0 = Release|Any CPU
		{1A32D5A8-60B1-4A08-9117-A75AC51156DF}.Debug|Any CPU.ActiveCfg = Debug|Any CPU
		{1A32D5A8-60B1-4A08-9117-A75AC51156DF}.Debug|Any CPU.Build.0 = Debug|Any CPU
		{1A32D5A8-60B1-4A08-9117-A75AC51156DF}.Debug|x64.ActiveCfg = Debug|Any CPU
		{1A32D5A8-60B1-4A08-9117-A75AC51156DF}.Debug|x64.Build.0 = Debug|Any CPU
		{1A32D5A8-60B1-4A08-9117-A75AC51156DF}.Debug|x86.ActiveCfg = Debug|Any CPU
		{1A32D5A8-60B1-4A08-9117-A75AC51156DF}.Debug|x86.Build.0 = Debug|Any CPU
		{1A32D5A8-60B1-4A08-9117-A75AC51156DF}.Release|Any CPU.ActiveCfg = Release|Any CPU
		{1A32D5A8-60B1-4A08-9117-A75AC51156DF}.Release|Any CPU.Build.0 = Release|Any CPU
		{1A32D5A8-60B1-4A08-9117-A75AC51156DF}.Release|x64.ActiveCfg = Release|Any CPU
		{1A32D5A8-60B1-4A08-9117-A75AC51156DF}.Release|x64.Build.0 = Release|Any CPU
		{1A32D5A8-60B1-4A08-9117-A75AC51156DF}.Release|x86.ActiveCfg = Release|Any CPU
		{1A32D5A8-60B1-4A08-9117-A75AC51156DF}.Release|x86.Build.0 = Release|Any CPU
	EndGlobalSection
	GlobalSection(SolutionProperties) = preSolution
		HideSolutionNode = FALSE
	EndGlobalSection
	GlobalSection(NestedProjects) = preSolution
		{23F60082-3E43-45D6-8F7D-CD4E97CB9B69} = {02EA681E-C7D8-13C7-8484-4AC65E1B71E8}
		{91382296-E688-436E-89AB-FF8E39C2B213} = {02EA681E-C7D8-13C7-8484-4AC65E1B71E8}
		{8BD87E83-DFA8-4FA3-B4FA-8300A0C2B3DB} = {02EA681E-C7D8-13C7-8484-4AC65E1B71E8}
		{F85D7E36-64C1-4A07-9C63-54B58E2A0D7F} = {02EA681E-C7D8-13C7-8484-4AC65E1B71E8}
		{7E3C6F43-27E7-4F87-8177-5331F63AAECE} = {02EA681E-C7D8-13C7-8484-4AC65E1B71E8}
		{698D4539-4EEF-499B-8F07-66B7D69E3FF4} = {02EA681E-C7D8-13C7-8484-4AC65E1B71E8}
		{C6C24343-55CF-4C74-B32E-2B16FEDB8FD8} = {0AB3BF05-4346-4AA6-1389-037BE0695223}
		{A825A3EE-42CB-4CD8-8809-37B92421CACA} = {0AB3BF05-4346-4AA6-1389-037BE0695223}
		{FFE91DF9-D5F9-46DE-891D-E7C3618D2810} = {02EA681E-C7D8-13C7-8484-4AC65E1B71E8}
		{12908CF2-E9D2-40D3-BBF7-07E2B96E7FE7} = {0AB3BF05-4346-4AA6-1389-037BE0695223}
		{B81C8007-05E6-44AD-BF8C-7A6269666629} = {02EA681E-C7D8-13C7-8484-4AC65E1B71E8}
		{1A32D5A8-60B1-4A08-9117-A75AC51156DF} = {0AB3BF05-4346-4AA6-1389-037BE0695223}
	EndGlobalSection
	GlobalSection(ExtensibilityGlobals) = postSolution
		SolutionGuid = {2EDA2614-3DA9-4AAE-9D8C-DE72F4544D3A}
	EndGlobalSection
EndGlobal
